// !$*UTF8*$!
{
	archiveVersion = 1;
	classes = {
	};
	objectVersion = 46;
	objects = {

/* Begin PBXBuildFile section */
		DE1D187A1F6CA99800BCD895 /* AppDelegate.swift in Sources */ = {isa = PBXBuildFile; fileRef = DE1D18791F6CA99800BCD895 /* AppDelegate.swift */; };
		DE1D187C1F6CA99800BCD895 /* ViewController.swift in Sources */ = {isa = PBXBuildFile; fileRef = DE1D187B1F6CA99800BCD895 /* ViewController.swift */; };
		DE1D187F1F6CA99800BCD895 /* Main.storyboard in Resources */ = {isa = PBXBuildFile; fileRef = DE1D187D1F6CA99800BCD895 /* Main.storyboard */; };
		DE1D18811F6CA99800BCD895 /* Assets.xcassets in Resources */ = {isa = PBXBuildFile; fileRef = DE1D18801F6CA99800BCD895 /* Assets.xcassets */; };
		DE1D18841F6CA99800BCD895 /* LaunchScreen.storyboard in Resources */ = {isa = PBXBuildFile; fileRef = DE1D18821F6CA99800BCD895 /* LaunchScreen.storyboard */; };
/* End PBXBuildFile section */

/* Begin PBXFileReference section */
		DE1D18761F6CA99800BCD895 /* SaveTheKittensExceptHairlessOnes.app */ = {isa = PBXFileReference; explicitFileType = wrapper.application; includeInIndex = 0; path = SaveTheKittensExceptHairlessOnes.app; sourceTree = BUILT_PRODUCTS_DIR; };
		DE1D18791F6CA99800BCD895 /* AppDelegate.swift */ = {isa = PBXFileReference; lastKnownFileType = sourcecode.swift; path = AppDelegate.swift; sourceTree = "<group>"; };
		DE1D187B1F6CA99800BCD895 /* ViewController.swift */ = {isa = PBXFileReference; lastKnownFileType = sourcecode.swift; path = ViewController.swift; sourceTree = "<group>"; };
		DE1D187E1F6CA99800BCD895 /* Base */ = {isa = PBXFileReference; lastKnownFileType = file.storyboard; name = Base; path = Base.lproj/Main.storyboard; sourceTree = "<group>"; };
		DE1D18801F6CA99800BCD895 /* Assets.xcassets */ = {isa = PBXFileReference; lastKnownFileType = folder.assetcatalog; path = Assets.xcassets; sourceTree = "<group>"; };
		DE1D18831F6CA99800BCD895 /* Base */ = {isa = PBXFileReference; lastKnownFileType = file.storyboard; name = Base; path = Base.lproj/LaunchScreen.storyboard; sourceTree = "<group>"; };
		DE1D18851F6CA99800BCD895 /* Info.plist */ = {isa = PBXFileReference; lastKnownFileType = text.plist.xml; path = Info.plist; sourceTree = "<group>"; };
/* End PBXFileReference section */

/* Begin PBXFrameworksBuildPhase section */
		DE1D18731F6CA99800BCD895 /* Frameworks */ = {
			isa = PBXFrameworksBuildPhase;
			buildActionMask = 2147483647;
			files = (
			);
			runOnlyForDeploymentPostprocessing = 0;
		};
/* End PBXFrameworksBuildPhase section */

/* Begin PBXGroup section */
		DE1D186D1F6CA99800BCD895 = {
			isa = PBXGroup;
			children = (
				DE1D18781F6CA99800BCD895 /* SaveTheKittensExceptHairlessOnes */,
				DE1D18771F6CA99800BCD895 /* Products */,
			);
			sourceTree = "<group>";
		};
		DE1D18771F6CA99800BCD895 /* Products */ = {
			isa = PBXGroup;
			children = (
				DE1D18761F6CA99800BCD895 /* SaveTheKittensExceptHairlessOnes.app */,
			);
			name = Products;
			sourceTree = "<group>";
		};
		DE1D18781F6CA99800BCD895 /* SaveTheKittensExceptHairlessOnes */ = {
			isa = PBXGroup;
			children = (
				DE1D18791F6CA99800BCD895 /* AppDelegate.swift */,
				DE1D187B1F6CA99800BCD895 /* ViewController.swift */,
				DE1D187D1F6CA99800BCD895 /* Main.storyboard */,
				DE1D18801F6CA99800BCD895 /* Assets.xcassets */,
				DE1D18821F6CA99800BCD895 /* LaunchScreen.storyboard */,
				DE1D18851F6CA99800BCD895 /* Info.plist */,
			);
			path = SaveTheKittensExceptHairlessOnes;
			sourceTree = "<group>";
		};
/* End PBXGroup section */

/* Begin PBXNativeTarget section */
		DE1D18751F6CA99800BCD895 /* SaveTheKittensExceptHairlessOnes */ = {
			isa = PBXNativeTarget;
			buildConfigurationList = DE1D18881F6CA99800BCD895 /* Build configuration list for PBXNativeTarget "SaveTheKittensExceptHairlessOnes" */;
			buildPhases = (
				DE1D18721F6CA99800BCD895 /* Sources */,
				DE1D18731F6CA99800BCD895 /* Frameworks */,
				DE1D18741F6CA99800BCD895 /* Resources */,
			);
			buildRules = (
			);
			dependencies = (
			);
			name = SaveTheKittensExceptHairlessOnes;
			productName = SaveTheKittensExceptHairlessOnes;
			productReference = DE1D18761F6CA99800BCD895 /* SaveTheKittensExceptHairlessOnes.app */;
			productType = "com.apple.product-type.application";
		};
/* End PBXNativeTarget section */

/* Begin PBXProject section */
		DE1D186E1F6CA99800BCD895 /* Project object */ = {
			isa = PBXProject;
			attributes = {
				LastSwiftUpdateCheck = 0830;
				LastUpgradeCheck = 0830;
				ORGANIZATIONNAME = "Yasin Bilgehan Akalan";
				TargetAttributes = {
					DE1D18751F6CA99800BCD895 = {
						CreatedOnToolsVersion = 8.3.3;
						ProvisioningStyle = Automatic;
					};
				};
			};
			buildConfigurationList = DE1D18711F6CA99800BCD895 /* Build configuration list for PBXProject "SaveTheKittensExceptHairlessOnes" */;
			compatibilityVersion = "Xcode 3.2";
			developmentRegion = English;
			hasScannedForEncodings = 0;
			knownRegions = (
				en,
				Base,
			);
			mainGroup = DE1D186D1F6CA99800BCD895;
			productRefGroup = DE1D18771F6CA99800BCD895 /* Products */;
			projectDirPath = "";
			projectRoot = "";
			targets = (
				DE1D18751F6CA99800BCD895 /* SaveTheKittensExceptHairlessOnes */,
			);
		};
/* End PBXProject section */

/* Begin PBXResourcesBuildPhase section */
		DE1D18741F6CA99800BCD895 /* Resources */ = {
			isa = PBXResourcesBuildPhase;
			buildActionMask = 2147483647;
			files = (
				DE1D18841F6CA99800BCD895 /* LaunchScreen.storyboard in Resources */,
				DE1D18811F6CA99800BCD895 /* Assets.xcassets in Resources */,
				DE1D187F1F6CA99800BCD895 /* Main.storyboard in Resources */,
			);
			runOnlyForDeploymentPostprocessing = 0;
		};
/* End PBXResourcesBuildPhase section */

/* Begin PBXSourcesBuildPhase section */
		DE1D18721F6CA99800BCD895 /* Sources */ = {
			isa = PBXSourcesBuildPhase;
			buildActionMask = 2147483647;
			files = (
				DE1D187C1F6CA99800BCD895 /* ViewController.swift in Sources */,
				DE1D187A1F6CA99800BCD895 /* AppDelegate.swift in Sources */,
			);
			runOnlyForDeploymentPostprocessing = 0;
		};
/* End PBXSourcesBuildPhase section */

/* Begin PBXVariantGroup section */
		DE1D187D1F6CA99800BCD895 /* Main.storyboard */ = {
			isa = PBXVariantGroup;
			children = (
				DE1D187E1F6CA99800BCD895 /* Base */,
			);
			name = Main.storyboard;
			sourceTree = "<group>";
		};
		DE1D18821F6CA99800BCD895 /* LaunchScreen.storyboard */ = {
			isa = PBXVariantGroup;
			children = (
				DE1D18831F6CA99800BCD895 /* Base */,
			);
			name = LaunchScreen.storyboard;
			sourceTree = "<group>";
		};
/* End PBXVariantGroup section */

/* Begin XCBuildConfiguration section */
		DE1D18861F6CA99800BCD895 /* Debug */ = {
			isa = XCBuildConfiguration;
			buildSettings = {
				ALWAYS_SEARCH_USER_PATHS = NO;
				CLANG_ANALYZER_NONNULL = YES;
				CLANG_ANALYZER_NUMBER_OBJECT_CONVERSION = YES_AGGRESSIVE;
				CLANG_CXX_LANGUAGE_STANDARD = "gnu++0x";
				CLANG_CXX_LIBRARY = "libc++";
				CLANG_ENABLE_MODULES = YES;
				CLANG_ENABLE_OBJC_ARC = YES;
				CLANG_WARN_BOOL_CONVERSION = YES;
				CLANG_WARN_CONSTANT_CONVERSION = YES;
				CLANG_WARN_DIRECT_OBJC_ISA_USAGE = YES_ERROR;
				CLANG_WARN_DOCUMENTATION_COMMENTS = YES;
				CLANG_WARN_EMPTY_BODY = YES;
				CLANG_WARN_ENUM_CONVERSION = YES;
				CLANG_WARN_INFINITE_RECURSION = YES;
				CLANG_WARN_INT_CONVERSION = YES;
				CLANG_WARN_OBJC_ROOT_CLASS = YES_ERROR;
				CLANG_WARN_SUSPICIOUS_MOVE = YES;
				CLANG_WARN_UNREACHABLE_CODE = YES;
				CLANG_WARN__DUPLICATE_METHOD_MATCH = YES;
				"CODE_SIGN_IDENTITY[sdk=iphoneos*]" = "iPhone Developer";
				COPY_PHASE_STRIP = NO;
				DEBUG_INFORMATION_FORMAT = dwarf;
				ENABLE_STRICT_OBJC_MSGSEND = YES;
				ENABLE_TESTABILITY = YES;
				GCC_C_LANGUAGE_STANDARD = gnu99;
				GCC_DYNAMIC_NO_PIC = NO;
				GCC_NO_COMMON_BLOCKS = YES;
				GCC_OPTIMIZATION_LEVEL = 0;
				GCC_PREPROCESSOR_DEFINITIONS = (
					"DEBUG=1",
					"$(inherited)",
				);
				GCC_WARN_64_TO_32_BIT_CONVERSION = YES;
				GCC_WARN_ABOUT_RETURN_TYPE = YES_ERROR;
				GCC_WARN_UNDECLARED_SELECTOR = YES;
				GCC_WARN_UNINITIALIZED_AUTOS = YES_AGGRESSIVE;
				GCC_WARN_UNUSED_FUNCTION = YES;
				GCC_WARN_UNUSED_VARIABLE = YES;
				IPHONEOS_DEPLOYMENT_TARGET = 10.3;
				MTL_ENABLE_DEBUG_INFO = YES;
				ONLY_ACTIVE_ARCH = YES;
				SDKROOT = iphoneos;
				SWIFT_ACTIVE_COMPILATION_CONDITIONS = DEBUG;
				SWIFT_OPTIMIZATION_LEVEL = "-Onone";
				TARGETED_DEVICE_FAMILY = "1,2";
			};
			name = Debug;
		};
		DE1D18871F6CA99800BCD895 /* Release */ = {
			isa = XCBuildConfiguration;
			buildSettings = {
				ALWAYS_SEARCH_USER_PATHS = NO;
				CLANG_ANALYZER_NONNULL = YES;
				CLANG_ANALYZER_NUMBER_OBJECT_CONVERSION = YES_AGGRESSIVE;
				CLANG_CXX_LANGUAGE_STANDARD = "gnu++0x";
				CLANG_CXX_LIBRARY = "libc++";
				CLANG_ENABLE_MODULES = YES;
				CLANG_ENABLE_OBJC_ARC = YES;
				CLANG_WARN_BOOL_CONVERSION = YES;
				CLANG_WARN_CONSTANT_CONVERSION = YES;
				CLANG_WARN_DIRECT_OBJC_ISA_USAGE = YES_ERROR;
				CLANG_WARN_DOCUMENTATION_COMMENTS = YES;
				CLANG_WARN_EMPTY_BODY = YES;
				CLANG_WARN_ENUM_CONVERSION = YES;
				CLANG_WARN_INFINITE_RECURSION = YES;
				CLANG_WARN_INT_CONVERSION = YES;
				CLANG_WARN_OBJC_ROOT_CLASS = YES_ERROR;
				CLANG_WARN_SUSPICIOUS_MOVE = YES;
				CLANG_WARN_UNREACHABLE_CODE = YES;
				CLANG_WARN__DUPLICATE_METHOD_MATCH = YES;
				"CODE_SIGN_IDENTITY[sdk=iphoneos*]" = "iPhone Developer";
				COPY_PHASE_STRIP = NO;
				DEBUG_INFORMATION_FORMAT = "dwarf-with-dsym";
				ENABLE_NS_ASSERTIONS = NO;
				ENABLE_STRICT_OBJC_MSGSEND = YES;
				GCC_C_LANGUAGE_STANDARD = gnu99;
				GCC_NO_COMMON_BLOCKS = YES;
				GCC_WARN_64_TO_32_BIT_CONVERSION = YES;
				GCC_WARN_ABOUT_RETURN_TYPE = YES_ERROR;
				GCC_WARN_UNDECLARED_SELECTOR = YES;
				GCC_WARN_UNINITIALIZED_AUTOS = YES_AGGRESSIVE;
				GCC_WARN_UNUSED_FUNCTION = YES;
				GCC_WARN_UNUSED_VARIABLE = YES;
				IPHONEOS_DEPLOYMENT_TARGET = 10.3;
				MTL_ENABLE_DEBUG_INFO = NO;
				SDKROOT = iphoneos;
				SWIFT_OPTIMIZATION_LEVEL = "-Owholemodule";
				TARGETED_DEVICE_FAMILY = "1,2";
				VALIDATE_PRODUCT = YES;
			};
			name = Release;
		};
		DE1D18891F6CA99800BCD895 /* Debug */ = {
			isa = XCBuildConfiguration;
			buildSettings = {
				ASSETCATALOG_COMPILER_APPICON_NAME = AppIcon;
				INFOPLIST_FILE = SaveTheKittensExceptHairlessOnes/Info.plist;
				LD_RUNPATH_SEARCH_PATHS = "$(inherited) @executable_path/Frameworks";
				PRODUCT_BUNDLE_IDENTIFIER = com.SaveTheKittensExceptHairlessOnes;
				PRODUCT_NAME = "$(TARGET_NAME)";
				SWIFT_VERSION = 3.0;
			};
			name = Debug;
		};
		DE1D188A1F6CA99800BCD895 /* Release */ = {
			isa = XCBuildConfiguration;
			buildSettings = {
				ASSETCATALOG_COMPILER_APPICON_NAME = AppIcon;
				INFOPLIST_FILE = SaveTheKittensExceptHairlessOnes/Info.plist;
				LD_RUNPATH_SEARCH_PATHS = "$(inherited) @executable_path/Frameworks";
				PRODUCT_BUNDLE_IDENTIFIER = com.SaveTheKittensExceptHairlessOnes;
				PRODUCT_NAME = "$(TARGET_NAME)";
				SWIFT_VERSION = 3.0;
			};
			name = Release;
		};
/* End XCBuildConfiguration section */

/* Begin XCConfigurationList section */
		DE1D18711F6CA99800BCD895 /* Build configuration list for PBXProject "SaveTheKittensExceptHairlessOnes" */ = {
			isa = XCConfigurationList;
			buildConfigurations = (
				DE1D18861F6CA99800BCD895 /* Debug */,
				DE1D18871F6CA99800BCD895 /* Release */,
			);
			defaultConfigurationIsVisible = 0;
			defaultConfigurationName = Release;
		};
		DE1D18881F6CA99800BCD895 /* Build configuration list for PBXNativeTarget "SaveTheKittensExceptHairlessOnes" */ = {
			isa = XCConfigurationList;
			buildConfigurations = (
				DE1D18891F6CA99800BCD895 /* Debug */,
				DE1D188A1F6CA99800BCD895 /* Release */,
			);
			defaultConfigurationIsVisible = 0;
		};
/* End XCConfigurationList section */
	};
	rootObject = DE1D186E1F6CA99800BCD895 /* Project object */;
}
